// !$*UTF8*$!
{
	archiveVersion = 1;
	classes = {
	};
	objectVersion = 56;
	objects = {

/* Begin PBXBuildFile section */
		5176A97129C16B960049AAC1 /* AppDelegate.swift in Sources */ = {isa = PBXBuildFile; fileRef = 5176A97029C16B960049AAC1 /* AppDelegate.swift */; };
		5176A97329C16B960049AAC1 /* SceneDelegate.swift in Sources */ = {isa = PBXBuildFile; fileRef = 5176A97229C16B960049AAC1 /* SceneDelegate.swift */; };
		5176A97529C16B960049AAC1 /* MainViewController.swift in Sources */ = {isa = PBXBuildFile; fileRef = 5176A97429C16B960049AAC1 /* MainViewController.swift */; };
		5176A97829C16B960049AAC1 /* Main.storyboard in Resources */ = {isa = PBXBuildFile; fileRef = 5176A97629C16B960049AAC1 /* Main.storyboard */; };
		5176A97A29C16B9A0049AAC1 /* Assets.xcassets in Resources */ = {isa = PBXBuildFile; fileRef = 5176A97929C16B9A0049AAC1 /* Assets.xcassets */; };
		5176A97D29C16B9A0049AAC1 /* LaunchScreen.storyboard in Resources */ = {isa = PBXBuildFile; fileRef = 5176A97B29C16B9A0049AAC1 /* LaunchScreen.storyboard */; };
		5176A98729C1729A0049AAC1 /* VideoTrimViewController.swift in Sources */ = {isa = PBXBuildFile; fileRef = 5176A98629C172990049AAC1 /* VideoTrimViewController.swift */; };
		5176A98A29C1E0920049AAC1 /* VideoTrimmer.swift in Sources */ = {isa = PBXBuildFile; fileRef = 5176A98829C1E0920049AAC1 /* VideoTrimmer.swift */; };
		5176A98B29C1E0920049AAC1 /* VideoTrimmerThumb.swift in Sources */ = {isa = PBXBuildFile; fileRef = 5176A98929C1E0920049AAC1 /* VideoTrimmerThumb.swift */; };
		5176A98E29C401990049AAC1 /* FrameEditorViewController.swift in Sources */ = {isa = PBXBuildFile; fileRef = 5176A98D29C401990049AAC1 /* FrameEditorViewController.swift */; };
		5176A99029C43ABA0049AAC1 /* LoadingIndicator.swift in Sources */ = {isa = PBXBuildFile; fileRef = 5176A98F29C43ABA0049AAC1 /* LoadingIndicator.swift */; };
		51A6130329CBE2770036EBBF /* OutputGifViewController.swift in Sources */ = {isa = PBXBuildFile; fileRef = 51A6130229CBE2770036EBBF /* OutputGifViewController.swift */; };
		51B521D029D11A1A00F449F9 /* DeviceInfo.swift in Sources */ = {isa = PBXBuildFile; fileRef = 51B521CF29D11A1A00F449F9 /* DeviceInfo.swift */; };
		51C30A5129C6B649000C1FF2 /* DDThumbnailMaker.swift in Sources */ = {isa = PBXBuildFile; fileRef = 51C30A5029C6B649000C1FF2 /* DDThumbnailMaker.swift */; };
/* End PBXBuildFile section */

/* Begin PBXFileReference section */
		5176A96D29C16B960049AAC1 /* GIFGenerator.app */ = {isa = PBXFileReference; explicitFileType = wrapper.application; includeInIndex = 0; path = GIFGenerator.app; sourceTree = BUILT_PRODUCTS_DIR; };
		5176A97029C16B960049AAC1 /* AppDelegate.swift */ = {isa = PBXFileReference; lastKnownFileType = sourcecode.swift; path = AppDelegate.swift; sourceTree = "<group>"; };
		5176A97229C16B960049AAC1 /* SceneDelegate.swift */ = {isa = PBXFileReference; lastKnownFileType = sourcecode.swift; path = SceneDelegate.swift; sourceTree = "<group>"; };
		5176A97429C16B960049AAC1 /* MainViewController.swift */ = {isa = PBXFileReference; lastKnownFileType = sourcecode.swift; path = MainViewController.swift; sourceTree = "<group>"; };
		5176A97729C16B960049AAC1 /* Base */ = {isa = PBXFileReference; lastKnownFileType = file.storyboard; name = Base; path = Base.lproj/Main.storyboard; sourceTree = "<group>"; };
		5176A97929C16B9A0049AAC1 /* Assets.xcassets */ = {isa = PBXFileReference; lastKnownFileType = folder.assetcatalog; path = Assets.xcassets; sourceTree = "<group>"; };
		5176A97C29C16B9A0049AAC1 /* Base */ = {isa = PBXFileReference; lastKnownFileType = file.storyboard; name = Base; path = Base.lproj/LaunchScreen.storyboard; sourceTree = "<group>"; };
		5176A97E29C16B9A0049AAC1 /* Info.plist */ = {isa = PBXFileReference; lastKnownFileType = text.plist.xml; path = Info.plist; sourceTree = "<group>"; };
		5176A98629C172990049AAC1 /* VideoTrimViewController.swift */ = {isa = PBXFileReference; fileEncoding = 4; lastKnownFileType = sourcecode.swift; path = VideoTrimViewController.swift; sourceTree = "<group>"; };
		5176A98829C1E0920049AAC1 /* VideoTrimmer.swift */ = {isa = PBXFileReference; fileEncoding = 4; lastKnownFileType = sourcecode.swift; path = VideoTrimmer.swift; sourceTree = "<group>"; };
		5176A98929C1E0920049AAC1 /* VideoTrimmerThumb.swift */ = {isa = PBXFileReference; fileEncoding = 4; lastKnownFileType = sourcecode.swift; path = VideoTrimmerThumb.swift; sourceTree = "<group>"; };
		5176A98D29C401990049AAC1 /* FrameEditorViewController.swift */ = {isa = PBXFileReference; lastKnownFileType = sourcecode.swift; path = FrameEditorViewController.swift; sourceTree = "<group>"; };
		5176A98F29C43ABA0049AAC1 /* LoadingIndicator.swift */ = {isa = PBXFileReference; fileEncoding = 4; lastKnownFileType = sourcecode.swift; name = LoadingIndicator.swift; path = GIFGenerator/LoadingIndicator.swift; sourceTree = SOURCE_ROOT; };
		51A6130229CBE2770036EBBF /* OutputGifViewController.swift */ = {isa = PBXFileReference; lastKnownFileType = sourcecode.swift; path = OutputGifViewController.swift; sourceTree = "<group>"; };
		51B521CF29D11A1A00F449F9 /* DeviceInfo.swift */ = {isa = PBXFileReference; lastKnownFileType = sourcecode.swift; path = DeviceInfo.swift; sourceTree = "<group>"; };
		51C30A5029C6B649000C1FF2 /* DDThumbnailMaker.swift */ = {isa = PBXFileReference; fileEncoding = 4; lastKnownFileType = sourcecode.swift; path = DDThumbnailMaker.swift; sourceTree = "<group>"; };
/* End PBXFileReference section */

/* Begin PBXFrameworksBuildPhase section */
		5176A96A29C16B960049AAC1 /* Frameworks */ = {
			isa = PBXFrameworksBuildPhase;
			buildActionMask = 2147483647;
			files = (
			);
			runOnlyForDeploymentPostprocessing = 0;
		};
/* End PBXFrameworksBuildPhase section */

/* Begin PBXGroup section */
		5176A96429C16B960049AAC1 = {
			isa = PBXGroup;
			children = (
				5176A98C29C1E32B0049AAC1 /* 3rdParty */,
				5176A96F29C16B960049AAC1 /* GIFGenerator */,
				5176A96E29C16B960049AAC1 /* Products */,
			);
			sourceTree = "<group>";
		};
		5176A96E29C16B960049AAC1 /* Products */ = {
			isa = PBXGroup;
			children = (
				5176A96D29C16B960049AAC1 /* GIFGenerator.app */,
			);
			name = Products;
			sourceTree = "<group>";
		};
		5176A96F29C16B960049AAC1 /* GIFGenerator */ = {
			isa = PBXGroup;
			children = (
				5176A97029C16B960049AAC1 /* AppDelegate.swift */,
				5176A97229C16B960049AAC1 /* SceneDelegate.swift */,
				5176A97429C16B960049AAC1 /* MainViewController.swift */,
				5176A98629C172990049AAC1 /* VideoTrimViewController.swift */,
				5176A98D29C401990049AAC1 /* FrameEditorViewController.swift */,
				51A6130229CBE2770036EBBF /* OutputGifViewController.swift */,
				5176A97629C16B960049AAC1 /* Main.storyboard */,
				5176A97929C16B9A0049AAC1 /* Assets.xcassets */,
				5176A97B29C16B9A0049AAC1 /* LaunchScreen.storyboard */,
				5176A97E29C16B9A0049AAC1 /* Info.plist */,
			);
			path = GIFGenerator;
			sourceTree = "<group>";
		};
		5176A98C29C1E32B0049AAC1 /* 3rdParty */ = {
			isa = PBXGroup;
			children = (
				5176A98829C1E0920049AAC1 /* VideoTrimmer.swift */,
				5176A98929C1E0920049AAC1 /* VideoTrimmerThumb.swift */,
				5176A98F29C43ABA0049AAC1 /* LoadingIndicator.swift */,
				51C30A5029C6B649000C1FF2 /* DDThumbnailMaker.swift */,
				51B521CF29D11A1A00F449F9 /* DeviceInfo.swift */,
			);
			path = 3rdParty;
			sourceTree = "<group>";
		};
/* End PBXGroup section */

/* Begin PBXNativeTarget section */
		5176A96C29C16B960049AAC1 /* GIFGenerator */ = {
			isa = PBXNativeTarget;
			buildConfigurationList = 5176A98129C16B9A0049AAC1 /* Build configuration list for PBXNativeTarget "GIFGenerator" */;
			buildPhases = (
				5176A96929C16B960049AAC1 /* Sources */,
				5176A96A29C16B960049AAC1 /* Frameworks */,
				5176A96B29C16B960049AAC1 /* Resources */,
			);
			buildRules = (
			);
			dependencies = (
			);
			name = GIFGenerator;
			productName = GIFGenerator;
			productReference = 5176A96D29C16B960049AAC1 /* GIFGenerator.app */;
			productType = "com.apple.product-type.application";
		};
/* End PBXNativeTarget section */

/* Begin PBXProject section */
		5176A96529C16B960049AAC1 /* Project object */ = {
			isa = PBXProject;
			attributes = {
				BuildIndependentTargetsInParallel = 1;
				LastSwiftUpdateCheck = 1420;
				LastUpgradeCheck = 1420;
				TargetAttributes = {
					5176A96C29C16B960049AAC1 = {
						CreatedOnToolsVersion = 14.2;
					};
				};
			};
			buildConfigurationList = 5176A96829C16B960049AAC1 /* Build configuration list for PBXProject "GIFGenerator" */;
			compatibilityVersion = "Xcode 14.0";
			developmentRegion = en;
			hasScannedForEncodings = 0;
			knownRegions = (
				en,
				Base,
			);
			mainGroup = 5176A96429C16B960049AAC1;
			productRefGroup = 5176A96E29C16B960049AAC1 /* Products */;
			projectDirPath = "";
			projectRoot = "";
			targets = (
				5176A96C29C16B960049AAC1 /* GIFGenerator */,
			);
		};
/* End PBXProject section */

/* Begin PBXResourcesBuildPhase section */
		5176A96B29C16B960049AAC1 /* Resources */ = {
			isa = PBXResourcesBuildPhase;
			buildActionMask = 2147483647;
			files = (
				5176A97D29C16B9A0049AAC1 /* LaunchScreen.storyboard in Resources */,
				5176A97A29C16B9A0049AAC1 /* Assets.xcassets in Resources */,
				5176A97829C16B960049AAC1 /* Main.storyboard in Resources */,
			);
			runOnlyForDeploymentPostprocessing = 0;
		};
/* End PBXResourcesBuildPhase section */

/* Begin PBXSourcesBuildPhase section */
		5176A96929C16B960049AAC1 /* Sources */ = {
			isa = PBXSourcesBuildPhase;
			buildActionMask = 2147483647;
			files = (
				5176A98A29C1E0920049AAC1 /* VideoTrimmer.swift in Sources */,
				5176A97529C16B960049AAC1 /* MainViewController.swift in Sources */,
				5176A97129C16B960049AAC1 /* AppDelegate.swift in Sources */,
				5176A98E29C401990049AAC1 /* FrameEditorViewController.swift in Sources */,
				51B521D029D11A1A00F449F9 /* DeviceInfo.swift in Sources */,
				5176A99029C43ABA0049AAC1 /* LoadingIndicator.swift in Sources */,
				5176A98B29C1E0920049AAC1 /* VideoTrimmerThumb.swift in Sources */,
				51A6130329CBE2770036EBBF /* OutputGifViewController.swift in Sources */,
				5176A98729C1729A0049AAC1 /* VideoTrimViewController.swift in Sources */,
				51C30A5129C6B649000C1FF2 /* DDThumbnailMaker.swift in Sources */,
				5176A97329C16B960049AAC1 /* SceneDelegate.swift in Sources */,
			);
			runOnlyForDeploymentPostprocessing = 0;
		};
/* End PBXSourcesBuildPhase section */

/* Begin PBXVariantGroup section */
		5176A97629C16B960049AAC1 /* Main.storyboard */ = {
			isa = PBXVariantGroup;
			children = (
				5176A97729C16B960049AAC1 /* Base */,
			);
			name = Main.storyboard;
			sourceTree = "<group>";
		};
		5176A97B29C16B9A0049AAC1 /* LaunchScreen.storyboard */ = {
			isa = PBXVariantGroup;
			children = (
				5176A97C29C16B9A0049AAC1 /* Base */,
			);
			name = LaunchScreen.storyboard;
			sourceTree = "<group>";
		};
/* End PBXVariantGroup section */

/* Begin XCBuildConfiguration section */
		5176A97F29C16B9A0049AAC1 /* Debug */ = {
			isa = XCBuildConfiguration;
			buildSettings = {
				ALWAYS_SEARCH_USER_PATHS = NO;
				CLANG_ANALYZER_NONNULL = YES;
				CLANG_ANALYZER_NUMBER_OBJECT_CONVERSION = YES_AGGRESSIVE;
				CLANG_CXX_LANGUAGE_STANDARD = "gnu++20";
				CLANG_ENABLE_MODULES = YES;
				CLANG_ENABLE_OBJC_ARC = YES;
				CLANG_ENABLE_OBJC_WEAK = YES;
				CLANG_WARN_BLOCK_CAPTURE_AUTORELEASING = YES;
				CLANG_WARN_BOOL_CONVERSION = YES;
				CLANG_WARN_COMMA = YES;
				CLANG_WARN_CONSTANT_CONVERSION = YES;
				CLANG_WARN_DEPRECATED_OBJC_IMPLEMENTATIONS = YES;
				CLANG_WARN_DIRECT_OBJC_ISA_USAGE = YES_ERROR;
				CLANG_WARN_DOCUMENTATION_COMMENTS = YES;
				CLANG_WARN_EMPTY_BODY = YES;
				CLANG_WARN_ENUM_CONVERSION = YES;
				CLANG_WARN_INFINITE_RECURSION = YES;
				CLANG_WARN_INT_CONVERSION = YES;
				CLANG_WARN_NON_LITERAL_NULL_CONVERSION = YES;
				CLANG_WARN_OBJC_IMPLICIT_RETAIN_SELF = YES;
				CLANG_WARN_OBJC_LITERAL_CONVERSION = YES;
				CLANG_WARN_OBJC_ROOT_CLASS = YES_ERROR;
				CLANG_WARN_QUOTED_INCLUDE_IN_FRAMEWORK_HEADER = YES;
				CLANG_WARN_RANGE_LOOP_ANALYSIS = YES;
				CLANG_WARN_STRICT_PROTOTYPES = YES;
				CLANG_WARN_SUSPICIOUS_MOVE = YES;
				CLANG_WARN_UNGUARDED_AVAILABILITY = YES_AGGRESSIVE;
				CLANG_WARN_UNREACHABLE_CODE = YES;
				CLANG_WARN__DUPLICATE_METHOD_MATCH = YES;
				COPY_PHASE_STRIP = NO;
				DEBUG_INFORMATION_FORMAT = dwarf;
				ENABLE_STRICT_OBJC_MSGSEND = YES;
				ENABLE_TESTABILITY = YES;
				GCC_C_LANGUAGE_STANDARD = gnu11;
				GCC_DYNAMIC_NO_PIC = NO;
				GCC_NO_COMMON_BLOCKS = YES;
				GCC_OPTIMIZATION_LEVEL = 0;
				GCC_PREPROCESSOR_DEFINITIONS = (
					"DEBUG=1",
					"$(inherited)",
				);
				GCC_WARN_64_TO_32_BIT_CONVERSION = YES;
				GCC_WARN_ABOUT_RETURN_TYPE = YES_ERROR;
				GCC_WARN_UNDECLARED_SELECTOR = YES;
				GCC_WARN_UNINITIALIZED_AUTOS = YES_AGGRESSIVE;
				GCC_WARN_UNUSED_FUNCTION = YES;
				GCC_WARN_UNUSED_VARIABLE = YES;
				IPHONEOS_DEPLOYMENT_TARGET = 16.2;
				MTL_ENABLE_DEBUG_INFO = INCLUDE_SOURCE;
				MTL_FAST_MATH = YES;
				ONLY_ACTIVE_ARCH = YES;
				SDKROOT = iphoneos;
				SWIFT_ACTIVE_COMPILATION_CONDITIONS = DEBUG;
				SWIFT_OPTIMIZATION_LEVEL = "-Onone";
			};
			name = Debug;
		};
		5176A98029C16B9A0049AAC1 /* Release */ = {
			isa = XCBuildConfiguration;
			buildSettings = {
				ALWAYS_SEARCH_USER_PATHS = NO;
				CLANG_ANALYZER_NONNULL = YES;
				CLANG_ANALYZER_NUMBER_OBJECT_CONVERSION = YES_AGGRESSIVE;
				CLANG_CXX_LANGUAGE_STANDARD = "gnu++20";
				CLANG_ENABLE_MODULES = YES;
				CLANG_ENABLE_OBJC_ARC = YES;
				CLANG_ENABLE_OBJC_WEAK = YES;
				CLANG_WARN_BLOCK_CAPTURE_AUTORELEASING = YES;
				CLANG_WARN_BOOL_CONVERSION = YES;
				CLANG_WARN_COMMA = YES;
				CLANG_WARN_CONSTANT_CONVERSION = YES;
				CLANG_WARN_DEPRECATED_OBJC_IMPLEMENTATIONS = YES;
				CLANG_WARN_DIRECT_OBJC_ISA_USAGE = YES_ERROR;
				CLANG_WARN_DOCUMENTATION_COMMENTS = YES;
				CLANG_WARN_EMPTY_BODY = YES;
				CLANG_WARN_ENUM_CONVERSION = YES;
				CLANG_WARN_INFINITE_RECURSION = YES;
				CLANG_WARN_INT_CONVERSION = YES;
				CLANG_WARN_NON_LITERAL_NULL_CONVERSION = YES;
				CLANG_WARN_OBJC_IMPLICIT_RETAIN_SELF = YES;
				CLANG_WARN_OBJC_LITERAL_CONVERSION = YES;
				CLANG_WARN_OBJC_ROOT_CLASS = YES_ERROR;
				CLANG_WARN_QUOTED_INCLUDE_IN_FRAMEWORK_HEADER = YES;
				CLANG_WARN_RANGE_LOOP_ANALYSIS = YES;
				CLANG_WARN_STRICT_PROTOTYPES = YES;
				CLANG_WARN_SUSPICIOUS_MOVE = YES;
				CLANG_WARN_UNGUARDED_AVAILABILITY = YES_AGGRESSIVE;
				CLANG_WARN_UNREACHABLE_CODE = YES;
				CLANG_WARN__DUPLICATE_METHOD_MATCH = YES;
				COPY_PHASE_STRIP = NO;
				DEBUG_INFORMATION_FORMAT = "dwarf-with-dsym";
				ENABLE_NS_ASSERTIONS = NO;
				ENABLE_STRICT_OBJC_MSGSEND = YES;
				GCC_C_LANGUAGE_STANDARD = gnu11;
				GCC_NO_COMMON_BLOCKS = YES;
				GCC_WARN_64_TO_32_BIT_CONVERSION = YES;
				GCC_WARN_ABOUT_RETURN_TYPE = YES_ERROR;
				GCC_WARN_UNDECLARED_SELECTOR = YES;
				GCC_WARN_UNINITIALIZED_AUTOS = YES_AGGRESSIVE;
				GCC_WARN_UNUSED_FUNCTION = YES;
				GCC_WARN_UNUSED_VARIABLE = YES;
				IPHONEOS_DEPLOYMENT_TARGET = 16.2;
				MTL_ENABLE_DEBUG_INFO = NO;
				MTL_FAST_MATH = YES;
				SDKROOT = iphoneos;
				SWIFT_COMPILATION_MODE = wholemodule;
				SWIFT_OPTIMIZATION_LEVEL = "-O";
				VALIDATE_PRODUCT = YES;
			};
			name = Release;
		};
		5176A98229C16B9A0049AAC1 /* Debug */ = {
			isa = XCBuildConfiguration;
			buildSettings = {
				ASSETCATALOG_COMPILER_APPICON_NAME = AppIcon;
				ASSETCATALOG_COMPILER_GLOBAL_ACCENT_COLOR_NAME = AccentColor;
				CODE_SIGN_STYLE = Automatic;
				CURRENT_PROJECT_VERSION = 1;
				DEVELOPMENT_TEAM = 4FV6J4V7WA;
				GENERATE_INFOPLIST_FILE = YES;
				INFOPLIST_FILE = GIFGenerator/Info.plist;
				INFOPLIST_KEY_UIApplicationSupportsIndirectInputEvents = YES;
				INFOPLIST_KEY_UILaunchStoryboardName = LaunchScreen;
				INFOPLIST_KEY_UIMainStoryboardFile = Main;
				INFOPLIST_KEY_UISupportedInterfaceOrientations_iPad = "UIInterfaceOrientationPortrait UIInterfaceOrientationPortraitUpsideDown UIInterfaceOrientationLandscapeLeft UIInterfaceOrientationLandscapeRight";
				INFOPLIST_KEY_UISupportedInterfaceOrientations_iPhone = "UIInterfaceOrientationPortrait UIInterfaceOrientationLandscapeLeft UIInterfaceOrientationLandscapeRight";
				LD_RUNPATH_SEARCH_PATHS = (
					"$(inherited)",
					"@executable_path/Frameworks",
				);
				MARKETING_VERSION = 1.0;
				PRODUCT_BUNDLE_IDENTIFIER = daniel.kwon.GIFGenerator;
				PRODUCT_NAME = "$(TARGET_NAME)";
				SWIFT_EMIT_LOC_STRINGS = YES;
				SWIFT_VERSION = 5.0;
				TARGETED_DEVICE_FAMILY = "1,2";
			};
			name = Debug;
		};
		5176A98329C16B9A0049AAC1 /* Release */ = {
			isa = XCBuildConfiguration;
			buildSettings = {
				ASSETCATALOG_COMPILER_APPICON_NAME = AppIcon;
				ASSETCATALOG_COMPILER_GLOBAL_ACCENT_COLOR_NAME = AccentColor;
				CODE_SIGN_STYLE = Automatic;
				CURRENT_PROJECT_VERSION = 1;
				DEVELOPMENT_TEAM = 4FV6J4V7WA;
				GENERATE_INFOPLIST_FILE = YES;
				INFOPLIST_FILE = GIFGenerator/Info.plist;
				INFOPLIST_KEY_UIApplicationSupportsIndirectInputEvents = YES;
				INFOPLIST_KEY_UILaunchStoryboardName = LaunchScreen;
				INFOPLIST_KEY_UIMainStoryboardFile = Main;
				INFOPLIST_KEY_UISupportedInterfaceOrientations_iPad = "UIInterfaceOrientationPortrait UIInterfaceOrientationPortraitUpsideDown UIInterfaceOrientationLandscapeLeft UIInterfaceOrientationLandscapeRight";
				INFOPLIST_KEY_UISupportedInterfaceOrientations_iPhone = "UIInterfaceOrientationPortrait UIInterfaceOrientationLandscapeLeft UIInterfaceOrientationLandscapeRight";
				LD_RUNPATH_SEARCH_PATHS = (
					"$(inherited)",
					"@executable_path/Frameworks",
				);
				MARKETING_VERSION = 1.0;
				PRODUCT_BUNDLE_IDENTIFIER = daniel.kwon.GIFGenerator;
				PRODUCT_NAME = "$(TARGET_NAME)";
				SWIFT_EMIT_LOC_STRINGS = YES;
				SWIFT_VERSION = 5.0;
				TARGETED_DEVICE_FAMILY = "1,2";
			};
			name = Release;
		};
/* End XCBuildConfiguration section */

/* Begin XCConfigurationList section */
		5176A96829C16B960049AAC1 /* Build configuration list for PBXProject "GIFGenerator" */ = {
			isa = XCConfigurationList;
			buildConfigurations = (
				5176A97F29C16B9A0049AAC1 /* Debug */,
				5176A98029C16B9A0049AAC1 /* Release */,
			);
			defaultConfigurationIsVisible = 0;
			defaultConfigurationName = Release;
		};
		5176A98129C16B9A0049AAC1 /* Build configuration list for PBXNativeTarget "GIFGenerator" */ = {
			isa = XCConfigurationList;
			buildConfigurations = (
				5176A98229C16B9A0049AAC1 /* Debug */,
				5176A98329C16B9A0049AAC1 /* Release */,
			);
			defaultConfigurationIsVisible = 0;
			defaultConfigurationName = Release;
		};
/* End XCConfigurationList section */
	};
	rootObject = 5176A96529C16B960049AAC1 /* Project object */;
}
